
Microsoft Visual Studio Solution File, Format Version 12.00
# Visual Studio 15
VisualStudioVersion = 15.0.27004.2005
MinimumVisualStudioVersion = 10.0.40219.1
Project("{FAE04EC0-301F-11D3-BF4B-00C04F79EFBC}") = "ReverseHash", "ReverseHash\ReverseHash.csproj", "{F1BD7CEC-BEF6-4594-87D7-CB24824007BF}"
EndProject
Project("{FAE04EC0-301F-11D3-BF4B-00C04F79EFBC}") = "UnitTests", "UnitTests\UnitTests.csproj", "{0EB20568-56F3-4BA6-A64B-5693889B4ECE}"
EndProject
Global
	GlobalSection(SolutionConfigurationPlatforms) = preSolution
		Debug|Any CPU = Debug|Any CPU
		Release|Any CPU = Release|Any CPU
	EndGlobalSection
	GlobalSection(ProjectConfigurationPlatforms) = postSolution
		{F1BD7CEC-BEF6-4594-87D7-CB24824007BF}.Debug|Any CPU.ActiveCfg = Debug|Any CPU
		{F1BD7CEC-BEF6-4594-87D7-CB24824007BF}.Debug|Any CPU.Build.0 = Debug|Any CPU
		{F1BD7CEC-BEF6-4594-87D7-CB24824007BF}.Release|Any CPU.ActiveCfg = Release|Any CPU
		{F1BD7CEC-BEF6-4594-87D7-CB24824007BF}.Release|Any CPU.Build.0 = Release|Any CPU
		{0EB20568-56F3-4BA6-A64B-5693889B4ECE}.Debug|Any CPU.ActiveCfg = Debug|Any CPU
		{0EB20568-56F3-4BA6-A64B-5693889B4ECE}.Debug|Any CPU.Build.0 = Debug|Any CPU
		{0EB20568-56F3-4BA6-A64B-5693889B4ECE}.Release|Any CPU.ActiveCfg = Release|Any CPU
		{0EB20568-56F3-4BA6-A64B-5693889B4ECE}.Release|Any CPU.Build.0 = Release|Any CPU
	EndGlobalSection
	GlobalSection(SolutionProperties) = preSolution
		HideSolutionNode = FALSE
	EndGlobalSection
	GlobalSection(ExtensibilityGlobals) = postSolution
		SolutionGuid = {D2331063-E85D-441A-8889-5ABA3980E163}
	EndGlobalSection
EndGlobal
